
Microsoft Visual Studio Solution File, Format Version 12.00
# Visual Studio Version 16
VisualStudioVersion = 16.0.30804.86
MinimumVisualStudioVersion = 10.0.40219.1
Project("{FAE04EC0-301F-11D3-BF4B-00C04F79EFBC}") = "Bible_Millionaire_Desktop_WPF", "Bible_Millionaire_Desktop_WPF\Bible_Millionaire_Desktop_WPF.csproj", "{01829D28-AE12-441B-B59C-854C255A5A5D}"
EndProject
Global
	GlobalSection(SolutionConfigurationPlatforms) = preSolution
		Debug|Any CPU = Debug|Any CPU
		Release|Any CPU = Release|Any CPU
	EndGlobalSection
	GlobalSection(ProjectConfigurationPlatforms) = postSolution
		{01829D28-AE12-441B-B59C-854C255A5A5D}.Debug|Any CPU.ActiveCfg = Debug|Any CPU
		{01829D28-AE12-441B-B59C-854C255A5A5D}.Debug|Any CPU.Build.0 = Debug|Any CPU
		{01829D28-AE12-441B-B59C-854C255A5A5D}.Release|Any CPU.ActiveCfg = Release|Any CPU
		{01829D28-AE12-441B-B59C-854C255A5A5D}.Release|Any CPU.Build.0 = Release|Any CPU
	EndGlobalSection
	GlobalSection(SolutionProperties) = preSolution
		HideSolutionNode = FALSE
	EndGlobalSection
	GlobalSection(ExtensibilityGlobals) = postSolution
		SolutionGuid = {FFC2645D-9929-4E08-905D-16C3B2EB7BFA}
	EndGlobalSection
EndGlobal
